{
  "name": "@marxa/storage",
  "version": "0.0.1",
  "lockfileVersion": 1,
  "requires": true,
  "dependencies": {
    "export-to-csv": {
      "version": "0.2.1",
      "resolved": "https://registry.npmjs.org/export-to-csv/-/export-to-csv-0.2.1.tgz",
      "integrity": "sha512-KTbrd3CAZ0cFceJEZr1e5uiMasabeCpXq1/5uvVxDl53o4jXJHnltasQoj2NkzrxD8hU9kdwjnMhoir/7nNx/A=="
    },
    "ngx-dropzone": {
      "version": "3.0.0",
      "resolved": "https://registry.npmjs.org/ngx-dropzone/-/ngx-dropzone-3.0.0.tgz",
      "integrity": "sha512-rVTp/ORu7etkcwtXGtsph7sigziAr1DitnHS9JueoXPvYhhB/Ni00MuMl4MinCdU2o9Z9MWF0jzW7UrydcC71A==",
      "requires": {
        "tslib": "^2.0.0"
      },
      "dependencies": {
        "tslib": {
          "version": "2.2.0",
          "resolved": "https://registry.npmjs.org/tslib/-/tslib-2.2.0.tgz",
          "integrity": "sha512-gS9GVHRU+RGn5KQM2rllAlR3dU6m7AcpJKdtH8gFvQiC4Otgk98XnmMU+nZenHt/+VhnBPWwgrJsyrdcw6i23w=="
        }
      }
    }
  }
}
